
Microsoft Visual Studio Solution File, Format Version 12.00
# Visual Studio Version 17
VisualStudioVersion = 17.7.34031.279
MinimumVisualStudioVersion = 10.0.40219.1
Project("{FAE04EC0-301F-11D3-BF4B-00C04F79EFBC}") = "PairMatching 2", "PairMatching 2\PairMatching 2.csproj", "{4433614A-BCFC-4675-AFBA-F2C2D0BCFF5F}"
EndProject
Global
	GlobalSection(SolutionConfigurationPlatforms) = preSolution
		Debug|Any CPU = Debug|Any CPU
		Release|Any CPU = Release|Any CPU
	EndGlobalSection
	GlobalSection(ProjectConfigurationPlatforms) = postSolution
		{4433614A-BCFC-4675-AFBA-F2C2D0BCFF5F}.Debug|Any CPU.ActiveCfg = Debug|Any CPU
		{4433614A-BCFC-4675-AFBA-F2C2D0BCFF5F}.Debug|Any CPU.Build.0 = Debug|Any CPU
		{4433614A-BCFC-4675-AFBA-F2C2D0BCFF5F}.Release|Any CPU.ActiveCfg = Release|Any CPU
		{4433614A-BCFC-4675-AFBA-F2C2D0BCFF5F}.Release|Any CPU.Build.0 = Release|Any CPU
	EndGlobalSection
	GlobalSection(SolutionProperties) = preSolution
		HideSolutionNode = FALSE
	EndGlobalSection
	GlobalSection(ExtensibilityGlobals) = postSolution
		SolutionGuid = {8D2C7FC7-58D8-43DE-A864-B2C9BC753C72}
	EndGlobalSection
EndGlobal
